Microsoft Visual Studio Solution File, Format Version 12.00
# Visual Studio Version 17
VisualStudioVersion = 17.5.2.0
MinimumVisualStudioVersion = 10.0.40219.1
Project("{FAE04EC0-301F-11D3-BF4B-00C04F79EFBC}") = "CalculatorClient", "CalculatorClient.csproj", "{D74291C7-02D7-02F0-73B4-1A2EF385CFFD}"
EndProject
Global
	GlobalSection(SolutionConfigurationPlatforms) = preSolution
		Debug|Any CPU = Debug|Any CPU
		Release|Any CPU = Release|Any CPU
	EndGlobalSection
	GlobalSection(ProjectConfigurationPlatforms) = postSolution
		{D74291C7-02D7-02F0-73B4-1A2EF385CFFD}.Debug|Any CPU.ActiveCfg = Debug|Any CPU
		{D74291C7-02D7-02F0-73B4-1A2EF385CFFD}.Debug|Any CPU.Build.0 = Debug|Any CPU
		{D74291C7-02D7-02F0-73B4-1A2EF385CFFD}.Release|Any CPU.ActiveCfg = Release|Any CPU
		{D74291C7-02D7-02F0-73B4-1A2EF385CFFD}.Release|Any CPU.Build.0 = Release|Any CPU
	EndGlobalSection
	GlobalSection(SolutionProperties) = preSolution
		HideSolutionNode = FALSE
	EndGlobalSection
	GlobalSection(ExtensibilityGlobals) = postSolution
		SolutionGuid = {77390D90-210C-4FE5-B9AF-305944D8A0F0}
	EndGlobalSection
EndGlobal
